{
	"name": "@aws-crypto/random-source-node",
	"version": "1.0.0-alpha.0",
	"lockfileVersion": 1,
	"requires": true,
	"dependencies": {
		"@aws-sdk/types": {
			"version": "1.0.0-alpha.4",
			"resolved": "https://registry.npmjs.org/@aws-sdk/types/-/types-1.0.0-alpha.4.tgz",
			"integrity": "sha512-C1n3tc9dehFE/kYWD+GbY+QPDeq8PQoza56lAnDniF5W4hbQnFdZXEPr9OBpIHSdoKvi5adxh67KPPrVA+4ymA=="
		},
		"tslib": {
			"version": "1.10.0",
			"resolved": "https://registry.npmjs.org/tslib/-/tslib-1.10.0.tgz",
			"integrity": "sha512-qOebF53frne81cf0S9B41ByenJ3/IuH8yJKngAX35CmiZySA0khhkovshKK+jGCaMnVomla7gVlIcc3EvKPbTQ=="
		}
	}
}
