{
	"name": "@aws-crypto/sha256-universal",
	"version": "1.0.0-alpha.0",
	"lockfileVersion": 1,
	"requires": true,
	"dependencies": {
		"@aws-crypto/sha256-browser": {
			"version": "file:../sha256-browser"
		},
		"@aws-sdk/hash-node": {
			"version": "1.0.0-beta.2",
			"resolved": "https://registry.npmjs.org/@aws-sdk/hash-node/-/hash-node-1.0.0-beta.2.tgz",
			"integrity": "sha512-NMfcI0y378hnj7I6V4uI4YZHhyvPV2ZFJI1RB+QfKRfa3ubj8PI4QAZ0dYV8CxSDRESWkgA7BswrZytEHnFqGQ==",
			"requires": {
				"@aws-sdk/types": "^1.0.0-beta.2",
				"@aws-sdk/util-buffer-from": "^1.0.0-beta.2",
				"tslib": "^1.8.0"
			},
			"dependencies": {
				"@aws-sdk/types": {
					"version": "1.0.0-beta.2",
					"resolved": "https://registry.npmjs.org/@aws-sdk/types/-/types-1.0.0-beta.2.tgz",
					"integrity": "sha512-zqb1EA9FSGLC/J7FBu6KYz+7EGeNG5sE2QeHGtj4tvFLDSJO6/hluDgQzVW1UsYUitdiBelg8m6xj45eGh2+wg=="
				}
			}
		},
		"@aws-sdk/is-array-buffer": {
			"version": "1.0.0-beta.2",
			"resolved": "https://registry.npmjs.org/@aws-sdk/is-array-buffer/-/is-array-buffer-1.0.0-beta.2.tgz",
			"integrity": "sha512-wIxfDCwhNmN5fZ+mUCIVcGP1s6GqXTfJAbPttfuxQW3oItQMZn2PPGiVuIS3F7CPij+/pQGwuw6T3mMJGnivGw==",
			"requires": {
				"tslib": "^1.8.0"
			}
		},
		"@aws-sdk/types": {
			"version": "1.0.0-beta.2",
			"resolved": "https://registry.npmjs.org/@aws-sdk/types/-/types-1.0.0-beta.2.tgz",
			"integrity": "sha512-zqb1EA9FSGLC/J7FBu6KYz+7EGeNG5sE2QeHGtj4tvFLDSJO6/hluDgQzVW1UsYUitdiBelg8m6xj45eGh2+wg=="
		},
		"@aws-sdk/util-buffer-from": {
			"version": "1.0.0-beta.2",
			"resolved": "https://registry.npmjs.org/@aws-sdk/util-buffer-from/-/util-buffer-from-1.0.0-beta.2.tgz",
			"integrity": "sha512-Mowx4haev/uVCoBYSRpZMtkSqrPP54CrldhFFQsKgbnf1bqRGHBZZZiCoS/8s4twb90G1x6FsUbMzLWXCBuTUA==",
			"requires": {
				"@aws-sdk/is-array-buffer": "^1.0.0-beta.2",
				"tslib": "^1.8.0"
			}
		},
		"tslib": {
			"version": "1.11.1",
			"resolved": "https://registry.npmjs.org/tslib/-/tslib-1.11.1.tgz",
			"integrity": "sha512-aZW88SY8kQbU7gpV19lN24LtXh/yD4ZZg6qieAJDDg+YBsJcSmLGK9QpnUjAKVG/xefmvJGd1WUmfpT/g6AJGA=="
		}
	}
}
