{
  "name": "@aws-crypto/sha256-universal",
  "version": "1.0.0",
  "lockfileVersion": 1,
  "requires": true,
  "dependencies": {
    "@aws-crypto/sha256-browser": {
      "version": "file:../sha256-browser",
      "requires": {
        "@aws-crypto/ie11-detection": "file:../ie11-detection",
        "@aws-crypto/sha256-js": "file:../sha256-js",
        "@aws-crypto/supports-web-crypto": "file:../supports-web-crypto",
        "@aws-sdk/types": "^3.1.0",
        "@aws-sdk/util-locate-window": "^3.0.0",
        "@aws-sdk/util-utf8-browser": "^3.0.0",
        "tslib": "^1.11.1"
      },
      "dependencies": {
        "@aws-crypto/ie11-detection": {
          "version": "file:../ie11-detection",
          "requires": {
            "tslib": "^1.11.1"
          },
          "dependencies": {
            "tslib": {
              "version": "1.14.1",
              "resolved": "http://localhost:4873/tslib/-/tslib-1.14.1.tgz",
              "integrity": "sha512-Xni35NKzjgMrwevysHTCArtLDpPvye8zV/0E4EyYn43P7/7qvQwPh9BGkHewbMulVntbigmcT7rdX3BNo9wRJg=="
            }
          }
        },
        "@aws-crypto/sha256-js": {
          "version": "file:../sha256-js",
          "requires": {
            "@aws-sdk/types": "^3.1.0",
            "@aws-sdk/util-utf8-browser": "^3.0.0",
            "tslib": "^1.11.1"
          },
          "dependencies": {
            "@aws-sdk/types": {
              "version": "3.1.0",
              "resolved": "http://localhost:4873/@aws-sdk%2ftypes/-/types-3.1.0.tgz",
              "integrity": "sha512-4Az7cemXCN4Qp8EheNkZTJJqIG0dvCT2KAreJLoclcVTcEFw2rzlATUnSeia1YTRsVd6aNxD001Ug7f3vYcQkw=="
            },
            "@aws-sdk/util-utf8-browser": {
              "version": "3.1.0",
              "resolved": "http://localhost:4873/@aws-sdk%2futil-utf8-browser/-/util-utf8-browser-3.1.0.tgz",
              "integrity": "sha512-vJP20me+Wc1RJHq+Y+gFD25aWhbQte+Qkyh3SOKQ+YvNaMcaeVwOV7b3Y3ItBuMdutHLJWmbJ2wF6dhhpy1kOA==",
              "requires": {
                "tslib": "^1.8.0"
              }
            },
            "tslib": {
              "version": "1.14.1",
              "resolved": "http://localhost:4873/tslib/-/tslib-1.14.1.tgz",
              "integrity": "sha512-Xni35NKzjgMrwevysHTCArtLDpPvye8zV/0E4EyYn43P7/7qvQwPh9BGkHewbMulVntbigmcT7rdX3BNo9wRJg=="
            }
          }
        },
        "@aws-crypto/supports-web-crypto": {
          "version": "file:../supports-web-crypto",
          "requires": {
            "tslib": "^1.11.1"
          },
          "dependencies": {
            "tslib": {
              "version": "1.14.1",
              "resolved": "http://localhost:4873/tslib/-/tslib-1.14.1.tgz",
              "integrity": "sha512-Xni35NKzjgMrwevysHTCArtLDpPvye8zV/0E4EyYn43P7/7qvQwPh9BGkHewbMulVntbigmcT7rdX3BNo9wRJg=="
            }
          }
        },
        "@aws-sdk/types": {
          "version": "3.1.0",
          "resolved": "http://localhost:4873/@aws-sdk%2ftypes/-/types-3.1.0.tgz",
          "integrity": "sha512-4Az7cemXCN4Qp8EheNkZTJJqIG0dvCT2KAreJLoclcVTcEFw2rzlATUnSeia1YTRsVd6aNxD001Ug7f3vYcQkw=="
        },
        "@aws-sdk/util-locate-window": {
          "version": "3.1.0",
          "resolved": "http://localhost:4873/@aws-sdk%2futil-locate-window/-/util-locate-window-3.1.0.tgz",
          "integrity": "sha512-HAU9Sx3EJMGU4Cfq2m3t2QnkINNQx5KWa6xGctCLN2C8bNWOpKqQhWO6qcxsXalrdW5qiXY5sj8JZGRaLa3yyQ==",
          "requires": {
            "tslib": "^1.8.0"
          }
        },
        "@aws-sdk/util-utf8-browser": {
          "version": "3.1.0",
          "resolved": "http://localhost:4873/@aws-sdk%2futil-utf8-browser/-/util-utf8-browser-3.1.0.tgz",
          "integrity": "sha512-vJP20me+Wc1RJHq+Y+gFD25aWhbQte+Qkyh3SOKQ+YvNaMcaeVwOV7b3Y3ItBuMdutHLJWmbJ2wF6dhhpy1kOA==",
          "requires": {
            "tslib": "^1.8.0"
          }
        },
        "tslib": {
          "version": "1.14.1",
          "resolved": "http://localhost:4873/tslib/-/tslib-1.14.1.tgz",
          "integrity": "sha512-Xni35NKzjgMrwevysHTCArtLDpPvye8zV/0E4EyYn43P7/7qvQwPh9BGkHewbMulVntbigmcT7rdX3BNo9wRJg=="
        }
      }
    },
    "@aws-sdk/hash-node": {
      "version": "3.1.0",
      "resolved": "http://localhost:4873/@aws-sdk%2fhash-node/-/hash-node-3.1.0.tgz",
      "integrity": "sha512-zcXjzPuraq6EEEC0N2DI/ng554XiHtLsWGYK2TkW5yS6+2xXiJFny3V5wZHWXsidHOgwgML92r/pU0PeVcTCbg==",
      "requires": {
        "@aws-sdk/util-buffer-from": "3.1.0",
        "tslib": "^1.8.0"
      }
    },
    "@aws-sdk/is-array-buffer": {
      "version": "3.1.0",
      "resolved": "http://localhost:4873/@aws-sdk%2fis-array-buffer/-/is-array-buffer-3.1.0.tgz",
      "integrity": "sha512-wE6Am+/FKuINc/aypXiBiLAatlSyxYQ9wGGQHf2iYOX5d5bHLOVKPoRwcqSCaiaR32aRcS7R+IhgxeBy+ajsMQ==",
      "requires": {
        "tslib": "^1.8.0"
      }
    },
    "@aws-sdk/types": {
      "version": "3.1.0",
      "resolved": "http://localhost:4873/@aws-sdk%2ftypes/-/types-3.1.0.tgz",
      "integrity": "sha512-4Az7cemXCN4Qp8EheNkZTJJqIG0dvCT2KAreJLoclcVTcEFw2rzlATUnSeia1YTRsVd6aNxD001Ug7f3vYcQkw=="
    },
    "@aws-sdk/util-buffer-from": {
      "version": "3.1.0",
      "resolved": "http://localhost:4873/@aws-sdk%2futil-buffer-from/-/util-buffer-from-3.1.0.tgz",
      "integrity": "sha512-UeC4VKmWYgTXjNdLVHfurrdhznnoxWLUFx8xspyRd58BhSZ5vc5HiiKTPX/CGxzAP/qZG668PaoOJucwmEam4g==",
      "requires": {
        "@aws-sdk/is-array-buffer": "3.1.0",
        "tslib": "^1.8.0"
      }
    },
    "tslib": {
      "version": "1.14.1",
      "resolved": "http://localhost:4873/tslib/-/tslib-1.14.1.tgz",
      "integrity": "sha512-Xni35NKzjgMrwevysHTCArtLDpPvye8zV/0E4EyYn43P7/7qvQwPh9BGkHewbMulVntbigmcT7rdX3BNo9wRJg=="
    }
  }
}
