{
	"name": "@aws-crypto/sha256-universal",
	"version": "1.0.0-alpha.0",
	"lockfileVersion": 1,
	"requires": true,
	"dependencies": {
		"@aws-crypto/sha256-browser": {
			"version": "file:../sha256-browser"
		},
		"@aws-sdk/hash-node": {
			"version": "1.0.0-alpha.4",
			"resolved": "https://registry.npmjs.org/@aws-sdk/hash-node/-/hash-node-1.0.0-alpha.4.tgz",
			"integrity": "sha512-GrS9xLqeAVILyk42QI2Dzn7LFNjGQmNxq4wK3wVGH6ocsyJ5PIwFO7Ncyk2p9WwsJkPP2hg9ajrhGthQfECtFQ==",
			"requires": {
				"@aws-sdk/types": "^1.0.0-alpha.4",
				"@aws-sdk/util-buffer-from": "^1.0.0-alpha.2",
				"tslib": "^1.8.0"
			}
		},
		"@aws-sdk/is-array-buffer": {
			"version": "1.0.0-alpha.2",
			"resolved": "https://registry.npmjs.org/@aws-sdk/is-array-buffer/-/is-array-buffer-1.0.0-alpha.2.tgz",
			"integrity": "sha512-QXi/w4lCpIFg2LrbzM4CNT8OaftTDJqTXeZi09FL65il6NQ46jhNn8vsDQaVCw6K0fXR0VJZ09YcProT4B6IeA==",
			"requires": {
				"tslib": "^1.8.0"
			}
		},
		"@aws-sdk/types": {
			"version": "1.0.0-alpha.4",
			"resolved": "https://registry.npmjs.org/@aws-sdk/types/-/types-1.0.0-alpha.4.tgz",
			"integrity": "sha512-C1n3tc9dehFE/kYWD+GbY+QPDeq8PQoza56lAnDniF5W4hbQnFdZXEPr9OBpIHSdoKvi5adxh67KPPrVA+4ymA=="
		},
		"@aws-sdk/util-buffer-from": {
			"version": "1.0.0-alpha.2",
			"resolved": "https://registry.npmjs.org/@aws-sdk/util-buffer-from/-/util-buffer-from-1.0.0-alpha.2.tgz",
			"integrity": "sha512-akddbV+cqrvMhZPhFzbBKc/bcZ2pnBTE1AsORsEzRcwdZ7agbgOI5LPw4kZKvwdc3zFyelYKrZUwoLe/6tb7dg==",
			"requires": {
				"@aws-sdk/is-array-buffer": "^1.0.0-alpha.2",
				"tslib": "^1.8.0"
			}
		},
		"tslib": {
			"version": "1.10.0",
			"resolved": "https://registry.npmjs.org/tslib/-/tslib-1.10.0.tgz",
			"integrity": "sha512-qOebF53frne81cf0S9B41ByenJ3/IuH8yJKngAX35CmiZySA0khhkovshKK+jGCaMnVomla7gVlIcc3EvKPbTQ=="
		}
	}
}
