{
  "name": "@aws-crypto/random-source-universal",
  "version": "1.0.0",
  "lockfileVersion": 1,
  "requires": true,
  "dependencies": {
    "@aws-crypto/random-source-browser": {
      "version": "file:../random-source-browser",
      "requires": {
        "@aws-crypto/ie11-detection": "file:../ie11-detection",
        "@aws-crypto/supports-web-crypto": "file:../supports-web-crypto",
        "@aws-sdk/util-locate-window": "^3.0.0",
        "tslib": "^1.11.1"
      },
      "dependencies": {
        "@aws-crypto/ie11-detection": {
          "version": "file:../ie11-detection",
          "requires": {
            "tslib": "^1.11.1"
          },
          "dependencies": {
            "tslib": {
              "version": "1.14.1",
              "resolved": "http://localhost:4873/tslib/-/tslib-1.14.1.tgz",
              "integrity": "sha512-Xni35NKzjgMrwevysHTCArtLDpPvye8zV/0E4EyYn43P7/7qvQwPh9BGkHewbMulVntbigmcT7rdX3BNo9wRJg=="
            }
          }
        },
        "@aws-crypto/supports-web-crypto": {
          "version": "file:../supports-web-crypto",
          "requires": {
            "tslib": "^1.11.1"
          },
          "dependencies": {
            "tslib": {
              "version": "1.14.1",
              "resolved": "http://localhost:4873/tslib/-/tslib-1.14.1.tgz",
              "integrity": "sha512-Xni35NKzjgMrwevysHTCArtLDpPvye8zV/0E4EyYn43P7/7qvQwPh9BGkHewbMulVntbigmcT7rdX3BNo9wRJg=="
            }
          }
        },
        "@aws-sdk/util-locate-window": {
          "version": "3.1.0",
          "resolved": "http://localhost:4873/@aws-sdk%2futil-locate-window/-/util-locate-window-3.1.0.tgz",
          "integrity": "sha512-HAU9Sx3EJMGU4Cfq2m3t2QnkINNQx5KWa6xGctCLN2C8bNWOpKqQhWO6qcxsXalrdW5qiXY5sj8JZGRaLa3yyQ==",
          "requires": {
            "tslib": "^1.8.0"
          }
        },
        "tslib": {
          "version": "1.14.1",
          "resolved": "http://localhost:4873/tslib/-/tslib-1.14.1.tgz",
          "integrity": "sha512-Xni35NKzjgMrwevysHTCArtLDpPvye8zV/0E4EyYn43P7/7qvQwPh9BGkHewbMulVntbigmcT7rdX3BNo9wRJg=="
        }
      }
    },
    "@aws-crypto/random-source-node": {
      "version": "file:../random-source-node",
      "requires": {
        "@aws-sdk/types": "^3.1.0",
        "tslib": "^1.11.1"
      },
      "dependencies": {
        "@aws-sdk/types": {
          "version": "3.1.0",
          "resolved": "http://localhost:4873/@aws-sdk%2ftypes/-/types-3.1.0.tgz",
          "integrity": "sha512-4Az7cemXCN4Qp8EheNkZTJJqIG0dvCT2KAreJLoclcVTcEFw2rzlATUnSeia1YTRsVd6aNxD001Ug7f3vYcQkw=="
        },
        "tslib": {
          "version": "1.14.1",
          "resolved": "http://localhost:4873/tslib/-/tslib-1.14.1.tgz",
          "integrity": "sha512-Xni35NKzjgMrwevysHTCArtLDpPvye8zV/0E4EyYn43P7/7qvQwPh9BGkHewbMulVntbigmcT7rdX3BNo9wRJg=="
        }
      }
    },
    "@aws-sdk/types": {
      "version": "3.1.0",
      "resolved": "http://localhost:4873/@aws-sdk%2ftypes/-/types-3.1.0.tgz",
      "integrity": "sha512-4Az7cemXCN4Qp8EheNkZTJJqIG0dvCT2KAreJLoclcVTcEFw2rzlATUnSeia1YTRsVd6aNxD001Ug7f3vYcQkw=="
    },
    "tslib": {
      "version": "1.14.1",
      "resolved": "http://localhost:4873/tslib/-/tslib-1.14.1.tgz",
      "integrity": "sha512-Xni35NKzjgMrwevysHTCArtLDpPvye8zV/0E4EyYn43P7/7qvQwPh9BGkHewbMulVntbigmcT7rdX3BNo9wRJg=="
    }
  }
}
