{
	"name": "@aws-crypto/random-source-universal",
	"version": "1.0.0-alpha.0",
	"lockfileVersion": 1,
	"requires": true,
	"dependencies": {
		"@aws-crypto/random-source-browser": {
			"version": "file:../random-source-browser"
		},
		"@aws-crypto/random-source-node": {
			"version": "file:../random-source-node"
		},
		"@aws-sdk/types": {
			"version": "1.0.0-alpha.5",
			"resolved": "https://registry.npmjs.org/@aws-sdk/types/-/types-1.0.0-alpha.5.tgz",
			"integrity": "sha512-BiSPUi3pw4eSQNtkVEgTLkMtBGnTAk3Ad/lBnOXL0BQhpoLOiSAVimxozb4b5kkikFLvPwfP2TN4DS8GypxRXA=="
		},
		"tslib": {
			"version": "1.10.0",
			"resolved": "https://registry.npmjs.org/tslib/-/tslib-1.10.0.tgz",
			"integrity": "sha512-qOebF53frne81cf0S9B41ByenJ3/IuH8yJKngAX35CmiZySA0khhkovshKK+jGCaMnVomla7gVlIcc3EvKPbTQ=="
		}
	}
}
