{
	"name": "@aws-crypto/sha256-browser",
	"version": "0.1.0-preview.4",
	"lockfileVersion": 1,
	"requires": true,
	"dependencies": {
		"@aws-crypto/ie11-detection": {
			"version": "file:../ie11-detection"
		},
		"@aws-crypto/sha256-js": {
			"version": "file:../sha256-js"
		},
		"@aws-crypto/supports-web-crypto": {
			"version": "file:../supports-web-crypto"
		},
		"@aws-sdk/types": {
			"version": "1.0.0-alpha.4",
			"resolved": "https://registry.npmjs.org/@aws-sdk/types/-/types-1.0.0-alpha.4.tgz",
			"integrity": "sha512-C1n3tc9dehFE/kYWD+GbY+QPDeq8PQoza56lAnDniF5W4hbQnFdZXEPr9OBpIHSdoKvi5adxh67KPPrVA+4ymA=="
		},
		"@aws-sdk/util-locate-window": {
			"version": "1.0.0-alpha.2",
			"resolved": "https://registry.npmjs.org/@aws-sdk/util-locate-window/-/util-locate-window-1.0.0-alpha.2.tgz",
			"integrity": "sha512-uMnAjOrjxBBp/aC/AiMkjwI5gq4PCZ1vBkt42333h0QjYZYUPiN43WA6FTo6zGC7HIBWmGk8xSMT2JfwWf5xsQ==",
			"requires": {
				"tslib": "^1.8.0"
			}
		},
		"@aws-sdk/util-utf8-browser": {
			"version": "1.0.0-alpha.2",
			"resolved": "https://registry.npmjs.org/@aws-sdk/util-utf8-browser/-/util-utf8-browser-1.0.0-alpha.2.tgz",
			"integrity": "sha512-/WhCITyFIkRfM8bGffgUOhnzCodJlVg1Jaq9Dr6whcDEkrvx6uDTsLnABAFn579uCnPeLrivJIE755PgUSHWiQ==",
			"requires": {
				"tslib": "^1.8.0"
			}
		},
		"tslib": {
			"version": "1.10.0",
			"resolved": "https://registry.npmjs.org/tslib/-/tslib-1.10.0.tgz",
			"integrity": "sha512-qOebF53frne81cf0S9B41ByenJ3/IuH8yJKngAX35CmiZySA0khhkovshKK+jGCaMnVomla7gVlIcc3EvKPbTQ=="
		}
	}
}
