{
	"name": "@aws-crypto/sha256-browser",
	"version": "1.0.0-alpha.0",
	"lockfileVersion": 1,
	"requires": true,
	"dependencies": {
		"@aws-crypto/ie11-detection": {
			"version": "file:../ie11-detection"
		},
		"@aws-crypto/sha256-js": {
			"version": "file:../sha256-js"
		},
		"@aws-crypto/supports-web-crypto": {
			"version": "file:../supports-web-crypto"
		},
		"@aws-sdk/types": {
			"version": "1.0.0-alpha.5",
			"resolved": "https://registry.npmjs.org/@aws-sdk/types/-/types-1.0.0-alpha.5.tgz",
			"integrity": "sha512-BiSPUi3pw4eSQNtkVEgTLkMtBGnTAk3Ad/lBnOXL0BQhpoLOiSAVimxozb4b5kkikFLvPwfP2TN4DS8GypxRXA=="
		},
		"@aws-sdk/util-locate-window": {
			"version": "1.0.0-beta.1",
			"resolved": "https://registry.npmjs.org/@aws-sdk/util-locate-window/-/util-locate-window-1.0.0-beta.1.tgz",
			"integrity": "sha512-Ri9gXBvXaobY3AnItB2f3HhJb7z2szAPn8ngU6hneEjUqOmZ5nztsDf8lZXA0mwByiiQq2TL2KwynEn1aCfsJA==",
			"requires": {
				"tslib": "^1.8.0"
			}
		},
		"@aws-sdk/util-utf8-browser": {
			"version": "1.0.0-alpha.2",
			"resolved": "https://registry.npmjs.org/@aws-sdk/util-utf8-browser/-/util-utf8-browser-1.0.0-alpha.2.tgz",
			"integrity": "sha512-/WhCITyFIkRfM8bGffgUOhnzCodJlVg1Jaq9Dr6whcDEkrvx6uDTsLnABAFn579uCnPeLrivJIE755PgUSHWiQ==",
			"requires": {
				"tslib": "^1.8.0"
			}
		},
		"tslib": {
			"version": "1.11.1",
			"resolved": "https://registry.npmjs.org/tslib/-/tslib-1.11.1.tgz",
			"integrity": "sha512-aZW88SY8kQbU7gpV19lN24LtXh/yD4ZZg6qieAJDDg+YBsJcSmLGK9QpnUjAKVG/xefmvJGd1WUmfpT/g6AJGA=="
		}
	}
}
