{
	"name": "@aws-crypto/random-source-browser",
	"version": "1.0.0-alpha.0",
	"lockfileVersion": 1,
	"requires": true,
	"dependencies": {
		"@aws-crypto/ie11-detection": {
			"version": "file:../ie11-detection"
		},
		"@aws-crypto/supports-web-crypto": {
			"version": "file:../supports-web-crypto"
		},
		"@aws-sdk/util-locate-window": {
			"version": "1.0.0-alpha.2",
			"resolved": "https://registry.npmjs.org/@aws-sdk/util-locate-window/-/util-locate-window-1.0.0-alpha.2.tgz",
			"integrity": "sha512-uMnAjOrjxBBp/aC/AiMkjwI5gq4PCZ1vBkt42333h0QjYZYUPiN43WA6FTo6zGC7HIBWmGk8xSMT2JfwWf5xsQ==",
			"requires": {
				"tslib": "^1.8.0"
			}
		},
		"tslib": {
			"version": "1.11.1",
			"resolved": "https://registry.npmjs.org/tslib/-/tslib-1.11.1.tgz",
			"integrity": "sha512-aZW88SY8kQbU7gpV19lN24LtXh/yD4ZZg6qieAJDDg+YBsJcSmLGK9QpnUjAKVG/xefmvJGd1WUmfpT/g6AJGA=="
		}
	}
}
