{
	"name": "@aws-crypto/sha256-js",
	"version": "1.0.0-alpha.0",
	"lockfileVersion": 1,
	"requires": true,
	"dependencies": {
		"@aws-sdk/types": {
			"version": "1.0.0-alpha.5",
			"resolved": "https://registry.npmjs.org/@aws-sdk/types/-/types-1.0.0-alpha.5.tgz",
			"integrity": "sha512-BiSPUi3pw4eSQNtkVEgTLkMtBGnTAk3Ad/lBnOXL0BQhpoLOiSAVimxozb4b5kkikFLvPwfP2TN4DS8GypxRXA=="
		},
		"@aws-sdk/util-utf8-browser": {
			"version": "1.0.0-beta.2",
			"resolved": "https://registry.npmjs.org/@aws-sdk/util-utf8-browser/-/util-utf8-browser-1.0.0-beta.2.tgz",
			"integrity": "sha512-71qy8bV0L/wFUDdIyOp7T6iMvHV7T2fldlAlfYinun3uigWcQcTgoo6cqsCuoPlDaDsWGLDpnyCzWASEr2aI0A==",
			"requires": {
				"tslib": "^1.8.0"
			}
		},
		"tslib": {
			"version": "1.11.1",
			"resolved": "https://registry.npmjs.org/tslib/-/tslib-1.11.1.tgz",
			"integrity": "sha512-aZW88SY8kQbU7gpV19lN24LtXh/yD4ZZg6qieAJDDg+YBsJcSmLGK9QpnUjAKVG/xefmvJGd1WUmfpT/g6AJGA=="
		}
	}
}
