{
	"name": "@aws-crypto/sha256-js",
	"version": "0.1.0-preview.4",
	"lockfileVersion": 1,
	"requires": true,
	"dependencies": {
		"@aws-sdk/types": {
			"version": "1.0.0-alpha.2",
			"resolved": "https://registry.npmjs.org/@aws-sdk/types/-/types-1.0.0-alpha.2.tgz",
			"integrity": "sha512-IiRAkOfrRy4Ck1YlQ39oMxrZnbmiMUZGLmfFCC7WY3BrYy6kp+kZUwxcPUtjK4ZtlDHEPd6XiJeo2MQ68kkXSA=="
		},
		"@aws-sdk/util-utf8-browser": {
			"version": "1.0.0-alpha.2",
			"resolved": "https://registry.npmjs.org/@aws-sdk/util-utf8-browser/-/util-utf8-browser-1.0.0-alpha.2.tgz",
			"integrity": "sha512-/WhCITyFIkRfM8bGffgUOhnzCodJlVg1Jaq9Dr6whcDEkrvx6uDTsLnABAFn579uCnPeLrivJIE755PgUSHWiQ==",
			"requires": {
				"tslib": "^1.8.0"
			}
		},
		"tslib": {
			"version": "1.10.0",
			"resolved": "https://registry.npmjs.org/tslib/-/tslib-1.10.0.tgz",
			"integrity": "sha512-qOebF53frne81cf0S9B41ByenJ3/IuH8yJKngAX35CmiZySA0khhkovshKK+jGCaMnVomla7gVlIcc3EvKPbTQ=="
		}
	}
}
