{
  "name": "@aws-crypto/sha256-js",
  "version": "1.0.0",
  "lockfileVersion": 1,
  "requires": true,
  "dependencies": {
    "@aws-sdk/types": {
      "version": "3.1.0",
      "resolved": "http://localhost:4873/@aws-sdk%2ftypes/-/types-3.1.0.tgz",
      "integrity": "sha512-4Az7cemXCN4Qp8EheNkZTJJqIG0dvCT2KAreJLoclcVTcEFw2rzlATUnSeia1YTRsVd6aNxD001Ug7f3vYcQkw=="
    },
    "@aws-sdk/util-utf8-browser": {
      "version": "3.1.0",
      "resolved": "http://localhost:4873/@aws-sdk%2futil-utf8-browser/-/util-utf8-browser-3.1.0.tgz",
      "integrity": "sha512-vJP20me+Wc1RJHq+Y+gFD25aWhbQte+Qkyh3SOKQ+YvNaMcaeVwOV7b3Y3ItBuMdutHLJWmbJ2wF6dhhpy1kOA==",
      "requires": {
        "tslib": "^1.8.0"
      }
    },
    "tslib": {
      "version": "1.14.1",
      "resolved": "http://localhost:4873/tslib/-/tslib-1.14.1.tgz",
      "integrity": "sha512-Xni35NKzjgMrwevysHTCArtLDpPvye8zV/0E4EyYn43P7/7qvQwPh9BGkHewbMulVntbigmcT7rdX3BNo9wRJg=="
    }
  }
}
